// !$*UTF8*$!
{
	archiveVersion = 1;
	classes = {
	};
	objectVersion = 55;
	objects = {

/* Begin PBXBuildFile section */
		3125A50EA6E7112FC99EB915 /* Pods_Chat_Messenger.framework in Frameworks */ = {isa = PBXBuildFile; fileRef = 7E87D6C9821A1CEB5B3CD517 /* Pods_Chat_Messenger.framework */; };
		DA5030D128510323007600AF /* User.swift in Sources */ = {isa = PBXBuildFile; fileRef = DA5030D028510323007600AF /* User.swift */; };
		DA5030D42851060A007600AF /* Constants.swift in Sources */ = {isa = PBXBuildFile; fileRef = DA5030D32851060A007600AF /* Constants.swift */; };
		DA5030D628510824007600AF /* FCollectionReference.swift in Sources */ = {isa = PBXBuildFile; fileRef = DA5030D528510824007600AF /* FCollectionReference.swift */; };
		DA5030D928510931007600AF /* FirebaseUserListener.swift in Sources */ = {isa = PBXBuildFile; fileRef = DA5030D828510931007600AF /* FirebaseUserListener.swift */; };
		DAA5A9B42850579200214A61 /* GoogleService-Info.plist in Resources */ = {isa = PBXBuildFile; fileRef = DAA5A9B32850579200214A61 /* GoogleService-Info.plist */; };
		DAB939652854FFBE00F6E120 /* SettingTableViewController.swift in Sources */ = {isa = PBXBuildFile; fileRef = DAB939642854FFBE00F6E120 /* SettingTableViewController.swift */; };
		DAB939672855ACD000F6E120 /* EditProfileTableViewController.swift in Sources */ = {isa = PBXBuildFile; fileRef = DAB939662855ACD000F6E120 /* EditProfileTableViewController.swift */; };
		DAB939692855BF0D00F6E120 /* FireStorage.swift in Sources */ = {isa = PBXBuildFile; fileRef = DAB939682855BF0D00F6E120 /* FireStorage.swift */; };
		DAB9396B2855E85200F6E120 /* GlobalFunction.swift in Sources */ = {isa = PBXBuildFile; fileRef = DAB9396A2855E85200F6E120 /* GlobalFunction.swift */; };
		DAB9396D2856ED4E00F6E120 /* extensions.swift in Sources */ = {isa = PBXBuildFile; fileRef = DAB9396C2856ED4E00F6E120 /* extensions.swift */; };
		DAECCB91284FA6EA0074598A /* AppDelegate.swift in Sources */ = {isa = PBXBuildFile; fileRef = DAECCB90284FA6EA0074598A /* AppDelegate.swift */; };
		DAECCB93284FA6EA0074598A /* SceneDelegate.swift in Sources */ = {isa = PBXBuildFile; fileRef = DAECCB92284FA6EA0074598A /* SceneDelegate.swift */; };
		DAECCB95284FA6EA0074598A /* LoginViewController.swift in Sources */ = {isa = PBXBuildFile; fileRef = DAECCB94284FA6EA0074598A /* LoginViewController.swift */; };
		DAECCB98284FA6EA0074598A /* Main.storyboard in Resources */ = {isa = PBXBuildFile; fileRef = DAECCB96284FA6EA0074598A /* Main.storyboard */; };
		DAECCB9A284FA6EB0074598A /* Assets.xcassets in Resources */ = {isa = PBXBuildFile; fileRef = DAECCB99284FA6EB0074598A /* Assets.xcassets */; };
		DAECCB9D284FA6EB0074598A /* LaunchScreen.storyboard in Resources */ = {isa = PBXBuildFile; fileRef = DAECCB9B284FA6EB0074598A /* LaunchScreen.storyboard */; };
/* End PBXBuildFile section */

/* Begin PBXFileReference section */
		0C13DE05610E1C9EC6AC8DB3 /* Pods-Chat Messenger.release.xcconfig */ = {isa = PBXFileReference; includeInIndex = 1; lastKnownFileType = text.xcconfig; name = "Pods-Chat Messenger.release.xcconfig"; path = "Target Support Files/Pods-Chat Messenger/Pods-Chat Messenger.release.xcconfig"; sourceTree = "<group>"; };
		6B3AA11445B465CD3BA70ABC /* Pods-Chat Messenger.debug.xcconfig */ = {isa = PBXFileReference; includeInIndex = 1; lastKnownFileType = text.xcconfig; name = "Pods-Chat Messenger.debug.xcconfig"; path = "Target Support Files/Pods-Chat Messenger/Pods-Chat Messenger.debug.xcconfig"; sourceTree = "<group>"; };
		7E87D6C9821A1CEB5B3CD517 /* Pods_Chat_Messenger.framework */ = {isa = PBXFileReference; explicitFileType = wrapper.framework; includeInIndex = 0; path = Pods_Chat_Messenger.framework; sourceTree = BUILT_PRODUCTS_DIR; };
		DA5030D028510323007600AF /* User.swift */ = {isa = PBXFileReference; lastKnownFileType = sourcecode.swift; path = User.swift; sourceTree = "<group>"; };
		DA5030D32851060A007600AF /* Constants.swift */ = {isa = PBXFileReference; lastKnownFileType = sourcecode.swift; path = Constants.swift; sourceTree = "<group>"; };
		DA5030D528510824007600AF /* FCollectionReference.swift */ = {isa = PBXFileReference; lastKnownFileType = sourcecode.swift; path = FCollectionReference.swift; sourceTree = "<group>"; };
		DA5030D828510931007600AF /* FirebaseUserListener.swift */ = {isa = PBXFileReference; lastKnownFileType = sourcecode.swift; path = FirebaseUserListener.swift; sourceTree = "<group>"; };
		DAA5A9B32850579200214A61 /* GoogleService-Info.plist */ = {isa = PBXFileReference; fileEncoding = 4; lastKnownFileType = text.plist.xml; path = "GoogleService-Info.plist"; sourceTree = "<group>"; };
		DAB939642854FFBE00F6E120 /* SettingTableViewController.swift */ = {isa = PBXFileReference; lastKnownFileType = sourcecode.swift; path = SettingTableViewController.swift; sourceTree = "<group>"; };
		DAB939662855ACD000F6E120 /* EditProfileTableViewController.swift */ = {isa = PBXFileReference; lastKnownFileType = sourcecode.swift; path = EditProfileTableViewController.swift; sourceTree = "<group>"; };
		DAB939682855BF0D00F6E120 /* FireStorage.swift */ = {isa = PBXFileReference; lastKnownFileType = sourcecode.swift; path = FireStorage.swift; sourceTree = "<group>"; };
		DAB9396A2855E85200F6E120 /* GlobalFunction.swift */ = {isa = PBXFileReference; lastKnownFileType = sourcecode.swift; path = GlobalFunction.swift; sourceTree = "<group>"; };
		DAB9396C2856ED4E00F6E120 /* extensions.swift */ = {isa = PBXFileReference; lastKnownFileType = sourcecode.swift; path = extensions.swift; sourceTree = "<group>"; };
		DAECCB8D284FA6EA0074598A /* Chat Messenger.app */ = {isa = PBXFileReference; explicitFileType = wrapper.application; includeInIndex = 0; path = "Chat Messenger.app"; sourceTree = BUILT_PRODUCTS_DIR; };
		DAECCB90284FA6EA0074598A /* AppDelegate.swift */ = {isa = PBXFileReference; lastKnownFileType = sourcecode.swift; path = AppDelegate.swift; sourceTree = "<group>"; };
		DAECCB92284FA6EA0074598A /* SceneDelegate.swift */ = {isa = PBXFileReference; lastKnownFileType = sourcecode.swift; path = SceneDelegate.swift; sourceTree = "<group>"; };
		DAECCB94284FA6EA0074598A /* LoginViewController.swift */ = {isa = PBXFileReference; lastKnownFileType = sourcecode.swift; path = LoginViewController.swift; sourceTree = "<group>"; };
		DAECCB97284FA6EA0074598A /* Base */ = {isa = PBXFileReference; lastKnownFileType = file.storyboard; name = Base; path = Base.lproj/Main.storyboard; sourceTree = "<group>"; };
		DAECCB99284FA6EB0074598A /* Assets.xcassets */ = {isa = PBXFileReference; lastKnownFileType = folder.assetcatalog; path = Assets.xcassets; sourceTree = "<group>"; };
		DAECCB9C284FA6EB0074598A /* Base */ = {isa = PBXFileReference; lastKnownFileType = file.storyboard; name = Base; path = Base.lproj/LaunchScreen.storyboard; sourceTree = "<group>"; };
		DAECCB9E284FA6EB0074598A /* Info.plist */ = {isa = PBXFileReference; lastKnownFileType = text.plist.xml; path = Info.plist; sourceTree = "<group>"; };
/* End PBXFileReference section */

/* Begin PBXFrameworksBuildPhase section */
		DAECCB8A284FA6EA0074598A /* Frameworks */ = {
			isa = PBXFrameworksBuildPhase;
			buildActionMask = 2147483647;
			files = (
				3125A50EA6E7112FC99EB915 /* Pods_Chat_Messenger.framework in Frameworks */,
			);
			runOnlyForDeploymentPostprocessing = 0;
		};
/* End PBXFrameworksBuildPhase section */

/* Begin PBXGroup section */
		51860857C5118078DA40C3AD /* Pods */ = {
			isa = PBXGroup;
			children = (
				6B3AA11445B465CD3BA70ABC /* Pods-Chat Messenger.debug.xcconfig */,
				0C13DE05610E1C9EC6AC8DB3 /* Pods-Chat Messenger.release.xcconfig */,
			);
			path = Pods;
			sourceTree = "<group>";
		};
		D71481C6AA386B987E3B8098 /* Frameworks */ = {
			isa = PBXGroup;
			children = (
				7E87D6C9821A1CEB5B3CD517 /* Pods_Chat_Messenger.framework */,
			);
			name = Frameworks;
			sourceTree = "<group>";
		};
		DA5030D228510335007600AF /* Model */ = {
			isa = PBXGroup;
			children = (
				DA5030D028510323007600AF /* User.swift */,
			);
			path = Model;
			sourceTree = "<group>";
		};
		DA5030D7285108EB007600AF /* FirebaseHelpers */ = {
			isa = PBXGroup;
			children = (
				DA5030D528510824007600AF /* FCollectionReference.swift */,
				DA5030D828510931007600AF /* FirebaseUserListener.swift */,
				DAB939682855BF0D00F6E120 /* FireStorage.swift */,
			);
			path = FirebaseHelpers;
			sourceTree = "<group>";
		};
		DA90B25D28530B1600663551 /* Helpers */ = {
			isa = PBXGroup;
			children = (
				DA5030D32851060A007600AF /* Constants.swift */,
				DAB9396C2856ED4E00F6E120 /* extensions.swift */,
				DAB9396A2855E85200F6E120 /* GlobalFunction.swift */,
			);
			path = Helpers;
			sourceTree = "<group>";
		};
		DAECCB84284FA6EA0074598A = {
			isa = PBXGroup;
			children = (
				DAECCB8F284FA6EA0074598A /* Chat Messenger */,
				DAECCB8E284FA6EA0074598A /* Products */,
				51860857C5118078DA40C3AD /* Pods */,
				D71481C6AA386B987E3B8098 /* Frameworks */,
			);
			sourceTree = "<group>";
		};
		DAECCB8E284FA6EA0074598A /* Products */ = {
			isa = PBXGroup;
			children = (
				DAECCB8D284FA6EA0074598A /* Chat Messenger.app */,
			);
			name = Products;
			sourceTree = "<group>";
		};
		DAECCB8F284FA6EA0074598A /* Chat Messenger */ = {
			isa = PBXGroup;
			children = (
				DAECCB90284FA6EA0074598A /* AppDelegate.swift */,
				DAECCB92284FA6EA0074598A /* SceneDelegate.swift */,
				DAECCB94284FA6EA0074598A /* LoginViewController.swift */,
				DAB939642854FFBE00F6E120 /* SettingTableViewController.swift */,
				DAB939662855ACD000F6E120 /* EditProfileTableViewController.swift */,
				DA5030D7285108EB007600AF /* FirebaseHelpers */,
				DA5030D228510335007600AF /* Model */,
				DA90B25D28530B1600663551 /* Helpers */,
				DAECCB96284FA6EA0074598A /* Main.storyboard */,
				DAECCB99284FA6EB0074598A /* Assets.xcassets */,
				DAECCB9B284FA6EB0074598A /* LaunchScreen.storyboard */,
				DAECCB9E284FA6EB0074598A /* Info.plist */,
				DAA5A9B32850579200214A61 /* GoogleService-Info.plist */,
			);
			path = "Chat Messenger";
			sourceTree = "<group>";
		};
/* End PBXGroup section */

/* Begin PBXNativeTarget section */
		DAECCB8C284FA6EA0074598A /* Chat Messenger */ = {
			isa = PBXNativeTarget;
			buildConfigurationList = DAECCBA1284FA6EB0074598A /* Build configuration list for PBXNativeTarget "Chat Messenger" */;
			buildPhases = (
				AA6EC09E070148D3B3916874 /* [CP] Check Pods Manifest.lock */,
				DAECCB89284FA6EA0074598A /* Sources */,
				DAECCB8A284FA6EA0074598A /* Frameworks */,
				DAECCB8B284FA6EA0074598A /* Resources */,
				2081032CFAC72AAE657C0F53 /* [CP] Embed Pods Frameworks */,
			);
			buildRules = (
			);
			dependencies = (
			);
			name = "Chat Messenger";
			productName = "Chat Messenger";
			productReference = DAECCB8D284FA6EA0074598A /* Chat Messenger.app */;
			productType = "com.apple.product-type.application";
		};
/* End PBXNativeTarget section */

/* Begin PBXProject section */
		DAECCB85284FA6EA0074598A /* Project object */ = {
			isa = PBXProject;
			attributes = {
				BuildIndependentTargetsInParallel = 1;
				LastSwiftUpdateCheck = 1330;
				LastUpgradeCheck = 1330;
				TargetAttributes = {
					DAECCB8C284FA6EA0074598A = {
						CreatedOnToolsVersion = 13.3.1;
					};
				};
			};
			buildConfigurationList = DAECCB88284FA6EA0074598A /* Build configuration list for PBXProject "Chat Messenger" */;
			compatibilityVersion = "Xcode 13.0";
			developmentRegion = en;
			hasScannedForEncodings = 0;
			knownRegions = (
				en,
				Base,
			);
			mainGroup = DAECCB84284FA6EA0074598A;
			productRefGroup = DAECCB8E284FA6EA0074598A /* Products */;
			projectDirPath = "";
			projectRoot = "";
			targets = (
				DAECCB8C284FA6EA0074598A /* Chat Messenger */,
			);
		};
/* End PBXProject section */

/* Begin PBXResourcesBuildPhase section */
		DAECCB8B284FA6EA0074598A /* Resources */ = {
			isa = PBXResourcesBuildPhase;
			buildActionMask = 2147483647;
			files = (
				DAECCB9D284FA6EB0074598A /* LaunchScreen.storyboard in Resources */,
				DAA5A9B42850579200214A61 /* GoogleService-Info.plist in Resources */,
				DAECCB9A284FA6EB0074598A /* Assets.xcassets in Resources */,
				DAECCB98284FA6EA0074598A /* Main.storyboard in Resources */,
			);
			runOnlyForDeploymentPostprocessing = 0;
		};
/* End PBXResourcesBuildPhase section */

/* Begin PBXShellScriptBuildPhase section */
		2081032CFAC72AAE657C0F53 /* [CP] Embed Pods Frameworks */ = {
			isa = PBXShellScriptBuildPhase;
			buildActionMask = 2147483647;
			files = (
			);
			inputFileListPaths = (
				"${PODS_ROOT}/Target Support Files/Pods-Chat Messenger/Pods-Chat Messenger-frameworks-${CONFIGURATION}-input-files.xcfilelist",
			);
			name = "[CP] Embed Pods Frameworks";
			outputFileListPaths = (
				"${PODS_ROOT}/Target Support Files/Pods-Chat Messenger/Pods-Chat Messenger-frameworks-${CONFIGURATION}-output-files.xcfilelist",
			);
			runOnlyForDeploymentPostprocessing = 0;
			shellPath = /bin/sh;
			shellScript = "\"${PODS_ROOT}/Target Support Files/Pods-Chat Messenger/Pods-Chat Messenger-frameworks.sh\"\n";
			showEnvVarsInLog = 0;
		};
		AA6EC09E070148D3B3916874 /* [CP] Check Pods Manifest.lock */ = {
			isa = PBXShellScriptBuildPhase;
			buildActionMask = 2147483647;
			files = (
			);
			inputFileListPaths = (
			);
			inputPaths = (
				"${PODS_PODFILE_DIR_PATH}/Podfile.lock",
				"${PODS_ROOT}/Manifest.lock",
			);
			name = "[CP] Check Pods Manifest.lock";
			outputFileListPaths = (
			);
			outputPaths = (
				"$(DERIVED_FILE_DIR)/Pods-Chat Messenger-checkManifestLockResult.txt",
			);
			runOnlyForDeploymentPostprocessing = 0;
			shellPath = /bin/sh;
			shellScript = "diff \"${PODS_PODFILE_DIR_PATH}/Podfile.lock\" \"${PODS_ROOT}/Manifest.lock\" > /dev/null\nif [ $? != 0 ] ; then\n    # print error to STDERR\n    echo \"error: The sandbox is not in sync with the Podfile.lock. Run 'pod install' or update your CocoaPods installation.\" >&2\n    exit 1\nfi\n# This output is used by Xcode 'outputs' to avoid re-running this script phase.\necho \"SUCCESS\" > \"${SCRIPT_OUTPUT_FILE_0}\"\n";
			showEnvVarsInLog = 0;
		};
/* End PBXShellScriptBuildPhase section */

/* Begin PBXSourcesBuildPhase section */
		DAECCB89284FA6EA0074598A /* Sources */ = {
			isa = PBXSourcesBuildPhase;
			buildActionMask = 2147483647;
			files = (
				DA5030D628510824007600AF /* FCollectionReference.swift in Sources */,
				DAB939692855BF0D00F6E120 /* FireStorage.swift in Sources */,
				DA5030D42851060A007600AF /* Constants.swift in Sources */,
				DA5030D128510323007600AF /* User.swift in Sources */,
				DAB9396B2855E85200F6E120 /* GlobalFunction.swift in Sources */,
				DAECCB95284FA6EA0074598A /* LoginViewController.swift in Sources */,
				DAECCB91284FA6EA0074598A /* AppDelegate.swift in Sources */,
				DAB939672855ACD000F6E120 /* EditProfileTableViewController.swift in Sources */,
				DAB939652854FFBE00F6E120 /* SettingTableViewController.swift in Sources */,
				DA5030D928510931007600AF /* FirebaseUserListener.swift in Sources */,
				DAECCB93284FA6EA0074598A /* SceneDelegate.swift in Sources */,
				DAB9396D2856ED4E00F6E120 /* extensions.swift in Sources */,
			);
			runOnlyForDeploymentPostprocessing = 0;
		};
/* End PBXSourcesBuildPhase section */

/* Begin PBXVariantGroup section */
		DAECCB96284FA6EA0074598A /* Main.storyboard */ = {
			isa = PBXVariantGroup;
			children = (
				DAECCB97284FA6EA0074598A /* Base */,
			);
			name = Main.storyboard;
			sourceTree = "<group>";
		};
		DAECCB9B284FA6EB0074598A /* LaunchScreen.storyboard */ = {
			isa = PBXVariantGroup;
			children = (
				DAECCB9C284FA6EB0074598A /* Base */,
			);
			name = LaunchScreen.storyboard;
			sourceTree = "<group>";
		};
/* End PBXVariantGroup section */

/* Begin XCBuildConfiguration section */
		DAECCB9F284FA6EB0074598A /* Debug */ = {
			isa = XCBuildConfiguration;
			buildSettings = {
				ALWAYS_SEARCH_USER_PATHS = NO;
				CLANG_ANALYZER_NONNULL = YES;
				CLANG_ANALYZER_NUMBER_OBJECT_CONVERSION = YES_AGGRESSIVE;
				CLANG_CXX_LANGUAGE_STANDARD = "gnu++17";
				CLANG_ENABLE_MODULES = YES;
				CLANG_ENABLE_OBJC_ARC = YES;
				CLANG_ENABLE_OBJC_WEAK = YES;
				CLANG_WARN_BLOCK_CAPTURE_AUTORELEASING = YES;
				CLANG_WARN_BOOL_CONVERSION = YES;
				CLANG_WARN_COMMA = YES;
				CLANG_WARN_CONSTANT_CONVERSION = YES;
				CLANG_WARN_DEPRECATED_OBJC_IMPLEMENTATIONS = YES;
				CLANG_WARN_DIRECT_OBJC_ISA_USAGE = YES_ERROR;
				CLANG_WARN_DOCUMENTATION_COMMENTS = YES;
				CLANG_WARN_EMPTY_BODY = YES;
				CLANG_WARN_ENUM_CONVERSION = YES;
				CLANG_WARN_INFINITE_RECURSION = YES;
				CLANG_WARN_INT_CONVERSION = YES;
				CLANG_WARN_NON_LITERAL_NULL_CONVERSION = YES;
				CLANG_WARN_OBJC_IMPLICIT_RETAIN_SELF = YES;
				CLANG_WARN_OBJC_LITERAL_CONVERSION = YES;
				CLANG_WARN_OBJC_ROOT_CLASS = YES_ERROR;
				CLANG_WARN_QUOTED_INCLUDE_IN_FRAMEWORK_HEADER = YES;
				CLANG_WARN_RANGE_LOOP_ANALYSIS = YES;
				CLANG_WARN_STRICT_PROTOTYPES = YES;
				CLANG_WARN_SUSPICIOUS_MOVE = YES;
				CLANG_WARN_UNGUARDED_AVAILABILITY = YES_AGGRESSIVE;
				CLANG_WARN_UNREACHABLE_CODE = YES;
				CLANG_WARN__DUPLICATE_METHOD_MATCH = YES;
				COPY_PHASE_STRIP = NO;
				DEBUG_INFORMATION_FORMAT = dwarf;
				ENABLE_STRICT_OBJC_MSGSEND = YES;
				ENABLE_TESTABILITY = YES;
				GCC_C_LANGUAGE_STANDARD = gnu11;
				GCC_DYNAMIC_NO_PIC = NO;
				GCC_NO_COMMON_BLOCKS = YES;
				GCC_OPTIMIZATION_LEVEL = 0;
				GCC_PREPROCESSOR_DEFINITIONS = (
					"DEBUG=1",
					"$(inherited)",
				);
				GCC_WARN_64_TO_32_BIT_CONVERSION = YES;
				GCC_WARN_ABOUT_RETURN_TYPE = YES_ERROR;
				GCC_WARN_UNDECLARED_SELECTOR = YES;
				GCC_WARN_UNINITIALIZED_AUTOS = YES_AGGRESSIVE;
				GCC_WARN_UNUSED_FUNCTION = YES;
				GCC_WARN_UNUSED_VARIABLE = YES;
				IPHONEOS_DEPLOYMENT_TARGET = 15.4;
				MTL_ENABLE_DEBUG_INFO = INCLUDE_SOURCE;
				MTL_FAST_MATH = YES;
				ONLY_ACTIVE_ARCH = YES;
				SDKROOT = iphoneos;
				SWIFT_ACTIVE_COMPILATION_CONDITIONS = DEBUG;
				SWIFT_OPTIMIZATION_LEVEL = "-Onone";
			};
			name = Debug;
		};
		DAECCBA0284FA6EB0074598A /* Release */ = {
			isa = XCBuildConfiguration;
			buildSettings = {
				ALWAYS_SEARCH_USER_PATHS = NO;
				CLANG_ANALYZER_NONNULL = YES;
				CLANG_ANALYZER_NUMBER_OBJECT_CONVERSION = YES_AGGRESSIVE;
				CLANG_CXX_LANGUAGE_STANDARD = "gnu++17";
				CLANG_ENABLE_MODULES = YES;
				CLANG_ENABLE_OBJC_ARC = YES;
				CLANG_ENABLE_OBJC_WEAK = YES;
				CLANG_WARN_BLOCK_CAPTURE_AUTORELEASING = YES;
				CLANG_WARN_BOOL_CONVERSION = YES;
				CLANG_WARN_COMMA = YES;
				CLANG_WARN_CONSTANT_CONVERSION = YES;
				CLANG_WARN_DEPRECATED_OBJC_IMPLEMENTATIONS = YES;
				CLANG_WARN_DIRECT_OBJC_ISA_USAGE = YES_ERROR;
				CLANG_WARN_DOCUMENTATION_COMMENTS = YES;
				CLANG_WARN_EMPTY_BODY = YES;
				CLANG_WARN_ENUM_CONVERSION = YES;
				CLANG_WARN_INFINITE_RECURSION = YES;
				CLANG_WARN_INT_CONVERSION = YES;
				CLANG_WARN_NON_LITERAL_NULL_CONVERSION = YES;
				CLANG_WARN_OBJC_IMPLICIT_RETAIN_SELF = YES;
				CLANG_WARN_OBJC_LITERAL_CONVERSION = YES;
				CLANG_WARN_OBJC_ROOT_CLASS = YES_ERROR;
				CLANG_WARN_QUOTED_INCLUDE_IN_FRAMEWORK_HEADER = YES;
				CLANG_WARN_RANGE_LOOP_ANALYSIS = YES;
				CLANG_WARN_STRICT_PROTOTYPES = YES;
				CLANG_WARN_SUSPICIOUS_MOVE = YES;
				CLANG_WARN_UNGUARDED_AVAILABILITY = YES_AGGRESSIVE;
				CLANG_WARN_UNREACHABLE_CODE = YES;
				CLANG_WARN__DUPLICATE_METHOD_MATCH = YES;
				COPY_PHASE_STRIP = NO;
				DEBUG_INFORMATION_FORMAT = "dwarf-with-dsym";
				ENABLE_NS_ASSERTIONS = NO;
				ENABLE_STRICT_OBJC_MSGSEND = YES;
				GCC_C_LANGUAGE_STANDARD = gnu11;
				GCC_NO_COMMON_BLOCKS = YES;
				GCC_WARN_64_TO_32_BIT_CONVERSION = YES;
				GCC_WARN_ABOUT_RETURN_TYPE = YES_ERROR;
				GCC_WARN_UNDECLARED_SELECTOR = YES;
				GCC_WARN_UNINITIALIZED_AUTOS = YES_AGGRESSIVE;
				GCC_WARN_UNUSED_FUNCTION = YES;
				GCC_WARN_UNUSED_VARIABLE = YES;
				IPHONEOS_DEPLOYMENT_TARGET = 15.4;
				MTL_ENABLE_DEBUG_INFO = NO;
				MTL_FAST_MATH = YES;
				SDKROOT = iphoneos;
				SWIFT_COMPILATION_MODE = wholemodule;
				SWIFT_OPTIMIZATION_LEVEL = "-O";
				VALIDATE_PRODUCT = YES;
			};
			name = Release;
		};
		DAECCBA2284FA6EB0074598A /* Debug */ = {
			isa = XCBuildConfiguration;
			baseConfigurationReference = 6B3AA11445B465CD3BA70ABC /* Pods-Chat Messenger.debug.xcconfig */;
			buildSettings = {
				ASSETCATALOG_COMPILER_APPICON_NAME = AppIcon;
				ASSETCATALOG_COMPILER_GLOBAL_ACCENT_COLOR_NAME = AccentColor;
				CODE_SIGN_STYLE = Automatic;
				CURRENT_PROJECT_VERSION = 1;
				DEVELOPMENT_TEAM = F638V29VVL;
				EXCLUDED_ARCHS = "";
				"EXCLUDED_ARCHS[sdk=*]" = arm64;
				GENERATE_INFOPLIST_FILE = YES;
				INFOPLIST_FILE = "Chat Messenger/Info.plist";
				INFOPLIST_KEY_UIApplicationSupportsIndirectInputEvents = YES;
				INFOPLIST_KEY_UILaunchStoryboardName = LaunchScreen;
				INFOPLIST_KEY_UIMainStoryboardFile = Main;
				INFOPLIST_KEY_UISupportedInterfaceOrientations_iPad = "UIInterfaceOrientationPortrait UIInterfaceOrientationPortraitUpsideDown UIInterfaceOrientationLandscapeLeft UIInterfaceOrientationLandscapeRight";
				INFOPLIST_KEY_UISupportedInterfaceOrientations_iPhone = "UIInterfaceOrientationPortrait UIInterfaceOrientationLandscapeLeft UIInterfaceOrientationLandscapeRight";
				LD_RUNPATH_SEARCH_PATHS = (
					"$(inherited)",
					"@executable_path/Frameworks",
				);
				MARKETING_VERSION = 1.0;
				PRODUCT_BUNDLE_IDENTIFIER = "com.mactyagi.Chat-Messenger";
				PRODUCT_NAME = "$(TARGET_NAME)";
				SWIFT_EMIT_LOC_STRINGS = YES;
				SWIFT_VERSION = 5.0;
				TARGETED_DEVICE_FAMILY = "1,2";
			};
			name = Debug;
		};
		DAECCBA3284FA6EB0074598A /* Release */ = {
			isa = XCBuildConfiguration;
			baseConfigurationReference = 0C13DE05610E1C9EC6AC8DB3 /* Pods-Chat Messenger.release.xcconfig */;
			buildSettings = {
				ASSETCATALOG_COMPILER_APPICON_NAME = AppIcon;
				ASSETCATALOG_COMPILER_GLOBAL_ACCENT_COLOR_NAME = AccentColor;
				CODE_SIGN_STYLE = Automatic;
				CURRENT_PROJECT_VERSION = 1;
				DEVELOPMENT_TEAM = F638V29VVL;
				EXCLUDED_ARCHS = "";
				GENERATE_INFOPLIST_FILE = YES;
				INFOPLIST_FILE = "Chat Messenger/Info.plist";
				INFOPLIST_KEY_UIApplicationSupportsIndirectInputEvents = YES;
				INFOPLIST_KEY_UILaunchStoryboardName = LaunchScreen;
				INFOPLIST_KEY_UIMainStoryboardFile = Main;
				INFOPLIST_KEY_UISupportedInterfaceOrientations_iPad = "UIInterfaceOrientationPortrait UIInterfaceOrientationPortraitUpsideDown UIInterfaceOrientationLandscapeLeft UIInterfaceOrientationLandscapeRight";
				INFOPLIST_KEY_UISupportedInterfaceOrientations_iPhone = "UIInterfaceOrientationPortrait UIInterfaceOrientationLandscapeLeft UIInterfaceOrientationLandscapeRight";
				LD_RUNPATH_SEARCH_PATHS = (
					"$(inherited)",
					"@executable_path/Frameworks",
				);
				MARKETING_VERSION = 1.0;
				PRODUCT_BUNDLE_IDENTIFIER = "com.mactyagi.Chat-Messenger";
				PRODUCT_NAME = "$(TARGET_NAME)";
				SWIFT_EMIT_LOC_STRINGS = YES;
				SWIFT_VERSION = 5.0;
				TARGETED_DEVICE_FAMILY = "1,2";
			};
			name = Release;
		};
/* End XCBuildConfiguration section */

/* Begin XCConfigurationList section */
		DAECCB88284FA6EA0074598A /* Build configuration list for PBXProject "Chat Messenger" */ = {
			isa = XCConfigurationList;
			buildConfigurations = (
				DAECCB9F284FA6EB0074598A /* Debug */,
				DAECCBA0284FA6EB0074598A /* Release */,
			);
			defaultConfigurationIsVisible = 0;
			defaultConfigurationName = Release;
		};
		DAECCBA1284FA6EB0074598A /* Build configuration list for PBXNativeTarget "Chat Messenger" */ = {
			isa = XCConfigurationList;
			buildConfigurations = (
				DAECCBA2284FA6EB0074598A /* Debug */,
				DAECCBA3284FA6EB0074598A /* Release */,
			);
			defaultConfigurationIsVisible = 0;
			defaultConfigurationName = Release;
		};
/* End XCConfigurationList section */
	};
	rootObject = DAECCB85284FA6EA0074598A /* Project object */;
}
